// !$*UTF8*$!
{
	archiveVersion = 1;
	classes = {
	};
	objectVersion = 55;
	objects = {

/* Begin PBXBuildFile section */
		951B306C28B0CB3700552E75 /* AppDelegate.swift in Sources */ = {isa = PBXBuildFile; fileRef = 951B306B28B0CB3700552E75 /* AppDelegate.swift */; };
		951B306E28B0CB3700552E75 /* SceneDelegate.swift in Sources */ = {isa = PBXBuildFile; fileRef = 951B306D28B0CB3700552E75 /* SceneDelegate.swift */; };
		951B307028B0CB3700552E75 /* ViewController.swift in Sources */ = {isa = PBXBuildFile; fileRef = 951B306F28B0CB3700552E75 /* ViewController.swift */; };
		951B307328B0CB3700552E75 /* Main.storyboard in Resources */ = {isa = PBXBuildFile; fileRef = 951B307128B0CB3700552E75 /* Main.storyboard */; };
		951B307528B0CB3800552E75 /* Assets.xcassets in Resources */ = {isa = PBXBuildFile; fileRef = 951B307428B0CB3800552E75 /* Assets.xcassets */; };
		951B307828B0CB3800552E75 /* LaunchScreen.storyboard in Resources */ = {isa = PBXBuildFile; fileRef = 951B307628B0CB3800552E75 /* LaunchScreen.storyboard */; };
		951B308028B0CB9400552E75 /* MainTabBarController.swift in Sources */ = {isa = PBXBuildFile; fileRef = 951B307F28B0CB9400552E75 /* MainTabBarController.swift */; };
		951B308228B0CDA500552E75 /* SearchMusicViewController.swift in Sources */ = {isa = PBXBuildFile; fileRef = 951B308128B0CDA500552E75 /* SearchMusicViewController.swift */; };
		951B308428B0E91800552E75 /* SearchResponse.swift in Sources */ = {isa = PBXBuildFile; fileRef = 951B308328B0E91800552E75 /* SearchResponse.swift */; };
		951B308628B0FFB800552E75 /* NetworkServise.swift in Sources */ = {isa = PBXBuildFile; fileRef = 951B308528B0FFB800552E75 /* NetworkServise.swift */; };
		951B308828B1074F00552E75 /* .gitignore in Resources */ = {isa = PBXBuildFile; fileRef = 951B308728B1074F00552E75 /* .gitignore */; };
		951B30A028B11A0800552E75 /* SearchPresenter.swift in Sources */ = {isa = PBXBuildFile; fileRef = 951B309928B11A0800552E75 /* SearchPresenter.swift */; };
		951B30A128B11A0800552E75 /* SearchWorker.swift in Sources */ = {isa = PBXBuildFile; fileRef = 951B309A28B11A0800552E75 /* SearchWorker.swift */; };
		951B30A228B11A0800552E75 /* SearchRouter.swift in Sources */ = {isa = PBXBuildFile; fileRef = 951B309B28B11A0800552E75 /* SearchRouter.swift */; };
		951B30A328B11A0800552E75 /* SearchModels.swift in Sources */ = {isa = PBXBuildFile; fileRef = 951B309C28B11A0800552E75 /* SearchModels.swift */; };
		951B30A428B11A0800552E75 /* SearchViewController.swift in Sources */ = {isa = PBXBuildFile; fileRef = 951B309D28B11A0800552E75 /* SearchViewController.swift */; };
		951B30A528B11A0800552E75 /* SearchInteractor.swift in Sources */ = {isa = PBXBuildFile; fileRef = 951B309E28B11A0800552E75 /* SearchInteractor.swift */; };
		951B30A828B11E7B00552E75 /* SearchViewController.storyboard in Resources */ = {isa = PBXBuildFile; fileRef = 951B30A728B11E7B00552E75 /* SearchViewController.storyboard */; };
		951B30AB28B1207E00552E75 /* UIViewController + Storyboard.swift in Sources */ = {isa = PBXBuildFile; fileRef = 951B30AA28B1207E00552E75 /* UIViewController + Storyboard.swift */; };
		951B30AE28B13E3000552E75 /* TrackCell.xib in Resources */ = {isa = PBXBuildFile; fileRef = 951B30AD28B13E3000552E75 /* TrackCell.xib */; };
		951B30B028B13E4900552E75 /* TrackCell.swift in Sources */ = {isa = PBXBuildFile; fileRef = 951B30AF28B13E4900552E75 /* TrackCell.swift */; };
		BCCDAE2164E7D253D5B660A7 /* Pods_IMusic.framework in Frameworks */ = {isa = PBXBuildFile; fileRef = 0CEB6AF5D94C9E1949DA458D /* Pods_IMusic.framework */; };
/* End PBXBuildFile section */

/* Begin PBXFileReference section */
		04997C787AD539DA0B3F4D15 /* Pods-IMusic.debug.xcconfig */ = {isa = PBXFileReference; includeInIndex = 1; lastKnownFileType = text.xcconfig; name = "Pods-IMusic.debug.xcconfig"; path = "Target Support Files/Pods-IMusic/Pods-IMusic.debug.xcconfig"; sourceTree = "<group>"; };
		0CEB6AF5D94C9E1949DA458D /* Pods_IMusic.framework */ = {isa = PBXFileReference; explicitFileType = wrapper.framework; includeInIndex = 0; path = Pods_IMusic.framework; sourceTree = BUILT_PRODUCTS_DIR; };
		951B306828B0CB3700552E75 /* IMusic.app */ = {isa = PBXFileReference; explicitFileType = wrapper.application; includeInIndex = 0; path = IMusic.app; sourceTree = BUILT_PRODUCTS_DIR; };
		951B306B28B0CB3700552E75 /* AppDelegate.swift */ = {isa = PBXFileReference; lastKnownFileType = sourcecode.swift; path = AppDelegate.swift; sourceTree = "<group>"; };
		951B306D28B0CB3700552E75 /* SceneDelegate.swift */ = {isa = PBXFileReference; lastKnownFileType = sourcecode.swift; path = SceneDelegate.swift; sourceTree = "<group>"; };
		951B306F28B0CB3700552E75 /* ViewController.swift */ = {isa = PBXFileReference; lastKnownFileType = sourcecode.swift; path = ViewController.swift; sourceTree = "<group>"; };
		951B307228B0CB3700552E75 /* Base */ = {isa = PBXFileReference; lastKnownFileType = file.storyboard; name = Base; path = Base.lproj/Main.storyboard; sourceTree = "<group>"; };
		951B307428B0CB3800552E75 /* Assets.xcassets */ = {isa = PBXFileReference; lastKnownFileType = folder.assetcatalog; path = Assets.xcassets; sourceTree = "<group>"; };
		951B307728B0CB3800552E75 /* Base */ = {isa = PBXFileReference; lastKnownFileType = file.storyboard; name = Base; path = Base.lproj/LaunchScreen.storyboard; sourceTree = "<group>"; };
		951B307928B0CB3800552E75 /* Info.plist */ = {isa = PBXFileReference; lastKnownFileType = text.plist.xml; path = Info.plist; sourceTree = "<group>"; };
		951B307F28B0CB9400552E75 /* MainTabBarController.swift */ = {isa = PBXFileReference; lastKnownFileType = sourcecode.swift; path = MainTabBarController.swift; sourceTree = "<group>"; };
		951B308128B0CDA500552E75 /* SearchMusicViewController.swift */ = {isa = PBXFileReference; lastKnownFileType = sourcecode.swift; path = SearchMusicViewController.swift; sourceTree = "<group>"; };
		951B308328B0E91800552E75 /* SearchResponse.swift */ = {isa = PBXFileReference; lastKnownFileType = sourcecode.swift; path = SearchResponse.swift; sourceTree = "<group>"; };
		951B308528B0FFB800552E75 /* NetworkServise.swift */ = {isa = PBXFileReference; lastKnownFileType = sourcecode.swift; path = NetworkServise.swift; sourceTree = "<group>"; };
		951B308728B1074F00552E75 /* .gitignore */ = {isa = PBXFileReference; lastKnownFileType = text; path = .gitignore; sourceTree = "<group>"; };
		951B309928B11A0800552E75 /* SearchPresenter.swift */ = {isa = PBXFileReference; lastKnownFileType = sourcecode.swift; path = SearchPresenter.swift; sourceTree = "<group>"; };
		951B309A28B11A0800552E75 /* SearchWorker.swift */ = {isa = PBXFileReference; lastKnownFileType = sourcecode.swift; path = SearchWorker.swift; sourceTree = "<group>"; };
		951B309B28B11A0800552E75 /* SearchRouter.swift */ = {isa = PBXFileReference; lastKnownFileType = sourcecode.swift; path = SearchRouter.swift; sourceTree = "<group>"; };
		951B309C28B11A0800552E75 /* SearchModels.swift */ = {isa = PBXFileReference; lastKnownFileType = sourcecode.swift; path = SearchModels.swift; sourceTree = "<group>"; };
		951B309D28B11A0800552E75 /* SearchViewController.swift */ = {isa = PBXFileReference; lastKnownFileType = sourcecode.swift; path = SearchViewController.swift; sourceTree = "<group>"; };
		951B309E28B11A0800552E75 /* SearchInteractor.swift */ = {isa = PBXFileReference; lastKnownFileType = sourcecode.swift; path = SearchInteractor.swift; sourceTree = "<group>"; };
		951B30A728B11E7B00552E75 /* SearchViewController.storyboard */ = {isa = PBXFileReference; lastKnownFileType = file.storyboard; path = SearchViewController.storyboard; sourceTree = "<group>"; };
		951B30AA28B1207E00552E75 /* UIViewController + Storyboard.swift */ = {isa = PBXFileReference; lastKnownFileType = sourcecode.swift; path = "UIViewController + Storyboard.swift"; sourceTree = "<group>"; };
		951B30AD28B13E3000552E75 /* TrackCell.xib */ = {isa = PBXFileReference; lastKnownFileType = file.xib; path = TrackCell.xib; sourceTree = "<group>"; };
		951B30AF28B13E4900552E75 /* TrackCell.swift */ = {isa = PBXFileReference; lastKnownFileType = sourcecode.swift; path = TrackCell.swift; sourceTree = "<group>"; };
		DA5048DD63923198200CEA89 /* Pods-IMusic.release.xcconfig */ = {isa = PBXFileReference; includeInIndex = 1; lastKnownFileType = text.xcconfig; name = "Pods-IMusic.release.xcconfig"; path = "Target Support Files/Pods-IMusic/Pods-IMusic.release.xcconfig"; sourceTree = "<group>"; };
/* End PBXFileReference section */

/* Begin PBXFrameworksBuildPhase section */
		951B306528B0CB3700552E75 /* Frameworks */ = {
			isa = PBXFrameworksBuildPhase;
			buildActionMask = 2147483647;
			files = (
				BCCDAE2164E7D253D5B660A7 /* Pods_IMusic.framework in Frameworks */,
			);
			runOnlyForDeploymentPostprocessing = 0;
		};
/* End PBXFrameworksBuildPhase section */

/* Begin PBXGroup section */
		378CA4F2DC217B885FE038E2 /* Frameworks */ = {
			isa = PBXGroup;
			children = (
				0CEB6AF5D94C9E1949DA458D /* Pods_IMusic.framework */,
			);
			name = Frameworks;
			sourceTree = "<group>";
		};
		8893D5D738023169B30F0CC6 /* Pods */ = {
			isa = PBXGroup;
			children = (
				04997C787AD539DA0B3F4D15 /* Pods-IMusic.debug.xcconfig */,
				DA5048DD63923198200CEA89 /* Pods-IMusic.release.xcconfig */,
			);
			path = Pods;
			sourceTree = "<group>";
		};
		951B305F28B0CB3700552E75 = {
			isa = PBXGroup;
			children = (
				951B306A28B0CB3700552E75 /* IMusic */,
				951B306928B0CB3700552E75 /* Products */,
				8893D5D738023169B30F0CC6 /* Pods */,
				378CA4F2DC217B885FE038E2 /* Frameworks */,
			);
			sourceTree = "<group>";
		};
		951B306928B0CB3700552E75 /* Products */ = {
			isa = PBXGroup;
			children = (
				951B306828B0CB3700552E75 /* IMusic.app */,
			);
			name = Products;
			sourceTree = "<group>";
		};
		951B306A28B0CB3700552E75 /* IMusic */ = {
			isa = PBXGroup;
			children = (
				951B308728B1074F00552E75 /* .gitignore */,
				951B306B28B0CB3700552E75 /* AppDelegate.swift */,
				951B306D28B0CB3700552E75 /* SceneDelegate.swift */,
				951B309828B119A100552E75 /* Services */,
				951B307F28B0CB9400552E75 /* MainTabBarController.swift */,
				951B308928B1192500552E75 /* Search */,
				951B308128B0CDA500552E75 /* SearchMusicViewController.swift */,
				951B306F28B0CB3700552E75 /* ViewController.swift */,
				951B30A928B1206600552E75 /* Helpers */,
				951B307128B0CB3700552E75 /* Main.storyboard */,
				951B307428B0CB3800552E75 /* Assets.xcassets */,
				951B307628B0CB3800552E75 /* LaunchScreen.storyboard */,
				951B307928B0CB3800552E75 /* Info.plist */,
			);
			path = IMusic;
			sourceTree = "<group>";
		};
		951B308928B1192500552E75 /* Search */ = {
			isa = PBXGroup;
			children = (
				951B30AC28B13E2000552E75 /* Cell */,
				951B30A728B11E7B00552E75 /* SearchViewController.storyboard */,
				951B309D28B11A0800552E75 /* SearchViewController.swift */,
				951B309E28B11A0800552E75 /* SearchInteractor.swift */,
				951B309928B11A0800552E75 /* SearchPresenter.swift */,
				951B309C28B11A0800552E75 /* SearchModels.swift */,
				951B309A28B11A0800552E75 /* SearchWorker.swift */,
				951B309B28B11A0800552E75 /* SearchRouter.swift */,
			);
			path = Search;
			sourceTree = "<group>";
		};
		951B309828B119A100552E75 /* Services */ = {
			isa = PBXGroup;
			children = (
				951B308528B0FFB800552E75 /* NetworkServise.swift */,
				951B30B128B142E300552E75 /* Models */,
			);
			path = Services;
			sourceTree = "<group>";
		};
		951B30A928B1206600552E75 /* Helpers */ = {
			isa = PBXGroup;
			children = (
				951B30AA28B1207E00552E75 /* UIViewController + Storyboard.swift */,
			);
			path = Helpers;
			sourceTree = "<group>";
		};
		951B30AC28B13E2000552E75 /* Cell */ = {
			isa = PBXGroup;
			children = (
				951B30AD28B13E3000552E75 /* TrackCell.xib */,
				951B30AF28B13E4900552E75 /* TrackCell.swift */,
			);
			path = Cell;
			sourceTree = "<group>";
		};
		951B30B128B142E300552E75 /* Models */ = {
			isa = PBXGroup;
			children = (
				951B308328B0E91800552E75 /* SearchResponse.swift */,
			);
			path = Models;
			sourceTree = "<group>";
		};
/* End PBXGroup section */

/* Begin PBXNativeTarget section */
		951B306728B0CB3700552E75 /* IMusic */ = {
			isa = PBXNativeTarget;
			buildConfigurationList = 951B307C28B0CB3800552E75 /* Build configuration list for PBXNativeTarget "IMusic" */;
			buildPhases = (
				8F6FB3EEDEF5F7345FB09B0D /* [CP] Check Pods Manifest.lock */,
				951B306428B0CB3700552E75 /* Sources */,
				951B306528B0CB3700552E75 /* Frameworks */,
				951B306628B0CB3700552E75 /* Resources */,
				B28FF8B9CC3948DF10DF8C18 /* [CP] Embed Pods Frameworks */,
			);
			buildRules = (
			);
			dependencies = (
			);
			name = IMusic;
			productName = IMusic;
			productReference = 951B306828B0CB3700552E75 /* IMusic.app */;
			productType = "com.apple.product-type.application";
		};
/* End PBXNativeTarget section */

/* Begin PBXProject section */
		951B306028B0CB3700552E75 /* Project object */ = {
			isa = PBXProject;
			attributes = {
				BuildIndependentTargetsInParallel = 1;
				LastSwiftUpdateCheck = 1340;
				LastUpgradeCheck = 1340;
				TargetAttributes = {
					951B306728B0CB3700552E75 = {
						CreatedOnToolsVersion = 13.4.1;
					};
				};
			};
			buildConfigurationList = 951B306328B0CB3700552E75 /* Build configuration list for PBXProject "IMusic" */;
			compatibilityVersion = "Xcode 13.0";
			developmentRegion = en;
			hasScannedForEncodings = 0;
			knownRegions = (
				en,
				Base,
			);
			mainGroup = 951B305F28B0CB3700552E75;
			productRefGroup = 951B306928B0CB3700552E75 /* Products */;
			projectDirPath = "";
			projectRoot = "";
			targets = (
				951B306728B0CB3700552E75 /* IMusic */,
			);
		};
/* End PBXProject section */

/* Begin PBXResourcesBuildPhase section */
		951B306628B0CB3700552E75 /* Resources */ = {
			isa = PBXResourcesBuildPhase;
			buildActionMask = 2147483647;
			files = (
				951B308828B1074F00552E75 /* .gitignore in Resources */,
				951B307828B0CB3800552E75 /* LaunchScreen.storyboard in Resources */,
				951B307528B0CB3800552E75 /* Assets.xcassets in Resources */,
				951B30AE28B13E3000552E75 /* TrackCell.xib in Resources */,
				951B307328B0CB3700552E75 /* Main.storyboard in Resources */,
				951B30A828B11E7B00552E75 /* SearchViewController.storyboard in Resources */,
			);
			runOnlyForDeploymentPostprocessing = 0;
		};
/* End PBXResourcesBuildPhase section */

/* Begin PBXShellScriptBuildPhase section */
		8F6FB3EEDEF5F7345FB09B0D /* [CP] Check Pods Manifest.lock */ = {
			isa = PBXShellScriptBuildPhase;
			buildActionMask = 2147483647;
			files = (
			);
			inputFileListPaths = (
			);
			inputPaths = (
				"${PODS_PODFILE_DIR_PATH}/Podfile.lock",
				"${PODS_ROOT}/Manifest.lock",
			);
			name = "[CP] Check Pods Manifest.lock";
			outputFileListPaths = (
			);
			outputPaths = (
				"$(DERIVED_FILE_DIR)/Pods-IMusic-checkManifestLockResult.txt",
			);
			runOnlyForDeploymentPostprocessing = 0;
			shellPath = /bin/sh;
			shellScript = "diff \"${PODS_PODFILE_DIR_PATH}/Podfile.lock\" \"${PODS_ROOT}/Manifest.lock\" > /dev/null\nif [ $? != 0 ] ; then\n    # print error to STDERR\n    echo \"error: The sandbox is not in sync with the Podfile.lock. Run 'pod install' or update your CocoaPods installation.\" >&2\n    exit 1\nfi\n# This output is used by Xcode 'outputs' to avoid re-running this script phase.\necho \"SUCCESS\" > \"${SCRIPT_OUTPUT_FILE_0}\"\n";
			showEnvVarsInLog = 0;
		};
		B28FF8B9CC3948DF10DF8C18 /* [CP] Embed Pods Frameworks */ = {
			isa = PBXShellScriptBuildPhase;
			buildActionMask = 2147483647;
			files = (
			);
			inputFileListPaths = (
				"${PODS_ROOT}/Target Support Files/Pods-IMusic/Pods-IMusic-frameworks-${CONFIGURATION}-input-files.xcfilelist",
			);
			name = "[CP] Embed Pods Frameworks";
			outputFileListPaths = (
				"${PODS_ROOT}/Target Support Files/Pods-IMusic/Pods-IMusic-frameworks-${CONFIGURATION}-output-files.xcfilelist",
			);
			runOnlyForDeploymentPostprocessing = 0;
			shellPath = /bin/sh;
			shellScript = "\"${PODS_ROOT}/Target Support Files/Pods-IMusic/Pods-IMusic-frameworks.sh\"\n";
			showEnvVarsInLog = 0;
		};
/* End PBXShellScriptBuildPhase section */

/* Begin PBXSourcesBuildPhase section */
		951B306428B0CB3700552E75 /* Sources */ = {
			isa = PBXSourcesBuildPhase;
			buildActionMask = 2147483647;
			files = (
				951B308628B0FFB800552E75 /* NetworkServise.swift in Sources */,
				951B30AB28B1207E00552E75 /* UIViewController + Storyboard.swift in Sources */,
				951B308228B0CDA500552E75 /* SearchMusicViewController.swift in Sources */,
				951B307028B0CB3700552E75 /* ViewController.swift in Sources */,
				951B30A528B11A0800552E75 /* SearchInteractor.swift in Sources */,
				951B30B028B13E4900552E75 /* TrackCell.swift in Sources */,
				951B308428B0E91800552E75 /* SearchResponse.swift in Sources */,
				951B306C28B0CB3700552E75 /* AppDelegate.swift in Sources */,
				951B30A128B11A0800552E75 /* SearchWorker.swift in Sources */,
				951B30A428B11A0800552E75 /* SearchViewController.swift in Sources */,
				951B30A228B11A0800552E75 /* SearchRouter.swift in Sources */,
				951B30A328B11A0800552E75 /* SearchModels.swift in Sources */,
				951B308028B0CB9400552E75 /* MainTabBarController.swift in Sources */,
				951B30A028B11A0800552E75 /* SearchPresenter.swift in Sources */,
				951B306E28B0CB3700552E75 /* SceneDelegate.swift in Sources */,
			);
			runOnlyForDeploymentPostprocessing = 0;
		};
/* End PBXSourcesBuildPhase section */

/* Begin PBXVariantGroup section */
		951B307128B0CB3700552E75 /* Main.storyboard */ = {
			isa = PBXVariantGroup;
			children = (
				951B307228B0CB3700552E75 /* Base */,
			);
			name = Main.storyboard;
			sourceTree = "<group>";
		};
		951B307628B0CB3800552E75 /* LaunchScreen.storyboard */ = {
			isa = PBXVariantGroup;
			children = (
				951B307728B0CB3800552E75 /* Base */,
			);
			name = LaunchScreen.storyboard;
			sourceTree = "<group>";
		};
/* End PBXVariantGroup section */

/* Begin XCBuildConfiguration section */
		951B307A28B0CB3800552E75 /* Debug */ = {
			isa = XCBuildConfiguration;
			buildSettings = {
				ALWAYS_SEARCH_USER_PATHS = NO;
				CLANG_ANALYZER_NONNULL = YES;
				CLANG_ANALYZER_NUMBER_OBJECT_CONVERSION = YES_AGGRESSIVE;
				CLANG_CXX_LANGUAGE_STANDARD = "gnu++17";
				CLANG_ENABLE_MODULES = YES;
				CLANG_ENABLE_OBJC_ARC = YES;
				CLANG_ENABLE_OBJC_WEAK = YES;
				CLANG_WARN_BLOCK_CAPTURE_AUTORELEASING = YES;
				CLANG_WARN_BOOL_CONVERSION = YES;
				CLANG_WARN_COMMA = YES;
				CLANG_WARN_CONSTANT_CONVERSION = YES;
				CLANG_WARN_DEPRECATED_OBJC_IMPLEMENTATIONS = YES;
				CLANG_WARN_DIRECT_OBJC_ISA_USAGE = YES_ERROR;
				CLANG_WARN_DOCUMENTATION_COMMENTS = YES;
				CLANG_WARN_EMPTY_BODY = YES;
				CLANG_WARN_ENUM_CONVERSION = YES;
				CLANG_WARN_INFINITE_RECURSION = YES;
				CLANG_WARN_INT_CONVERSION = YES;
				CLANG_WARN_NON_LITERAL_NULL_CONVERSION = YES;
				CLANG_WARN_OBJC_IMPLICIT_RETAIN_SELF = YES;
				CLANG_WARN_OBJC_LITERAL_CONVERSION = YES;
				CLANG_WARN_OBJC_ROOT_CLASS = YES_ERROR;
				CLANG_WARN_QUOTED_INCLUDE_IN_FRAMEWORK_HEADER = YES;
				CLANG_WARN_RANGE_LOOP_ANALYSIS = YES;
				CLANG_WARN_STRICT_PROTOTYPES = YES;
				CLANG_WARN_SUSPICIOUS_MOVE = YES;
				CLANG_WARN_UNGUARDED_AVAILABILITY = YES_AGGRESSIVE;
				CLANG_WARN_UNREACHABLE_CODE = YES;
				CLANG_WARN__DUPLICATE_METHOD_MATCH = YES;
				COPY_PHASE_STRIP = NO;
				DEBUG_INFORMATION_FORMAT = dwarf;
				ENABLE_STRICT_OBJC_MSGSEND = YES;
				ENABLE_TESTABILITY = YES;
				GCC_C_LANGUAGE_STANDARD = gnu11;
				GCC_DYNAMIC_NO_PIC = NO;
				GCC_NO_COMMON_BLOCKS = YES;
				GCC_OPTIMIZATION_LEVEL = 0;
				GCC_PREPROCESSOR_DEFINITIONS = (
					"DEBUG=1",
					"$(inherited)",
				);
				GCC_WARN_64_TO_32_BIT_CONVERSION = YES;
				GCC_WARN_ABOUT_RETURN_TYPE = YES_ERROR;
				GCC_WARN_UNDECLARED_SELECTOR = YES;
				GCC_WARN_UNINITIALIZED_AUTOS = YES_AGGRESSIVE;
				GCC_WARN_UNUSED_FUNCTION = YES;
				GCC_WARN_UNUSED_VARIABLE = YES;
				IPHONEOS_DEPLOYMENT_TARGET = 15.5;
				MTL_ENABLE_DEBUG_INFO = INCLUDE_SOURCE;
				MTL_FAST_MATH = YES;
				ONLY_ACTIVE_ARCH = YES;
				SDKROOT = iphoneos;
				SWIFT_ACTIVE_COMPILATION_CONDITIONS = DEBUG;
				SWIFT_OPTIMIZATION_LEVEL = "-Onone";
			};
			name = Debug;
		};
		951B307B28B0CB3800552E75 /* Release */ = {
			isa = XCBuildConfiguration;
			buildSettings = {
				ALWAYS_SEARCH_USER_PATHS = NO;
				CLANG_ANALYZER_NONNULL = YES;
				CLANG_ANALYZER_NUMBER_OBJECT_CONVERSION = YES_AGGRESSIVE;
				CLANG_CXX_LANGUAGE_STANDARD = "gnu++17";
				CLANG_ENABLE_MODULES = YES;
				CLANG_ENABLE_OBJC_ARC = YES;
				CLANG_ENABLE_OBJC_WEAK = YES;
				CLANG_WARN_BLOCK_CAPTURE_AUTORELEASING = YES;
				CLANG_WARN_BOOL_CONVERSION = YES;
				CLANG_WARN_COMMA = YES;
				CLANG_WARN_CONSTANT_CONVERSION = YES;
				CLANG_WARN_DEPRECATED_OBJC_IMPLEMENTATIONS = YES;
				CLANG_WARN_DIRECT_OBJC_ISA_USAGE = YES_ERROR;
				CLANG_WARN_DOCUMENTATION_COMMENTS = YES;
				CLANG_WARN_EMPTY_BODY = YES;
				CLANG_WARN_ENUM_CONVERSION = YES;
				CLANG_WARN_INFINITE_RECURSION = YES;
				CLANG_WARN_INT_CONVERSION = YES;
				CLANG_WARN_NON_LITERAL_NULL_CONVERSION = YES;
				CLANG_WARN_OBJC_IMPLICIT_RETAIN_SELF = YES;
				CLANG_WARN_OBJC_LITERAL_CONVERSION = YES;
				CLANG_WARN_OBJC_ROOT_CLASS = YES_ERROR;
				CLANG_WARN_QUOTED_INCLUDE_IN_FRAMEWORK_HEADER = YES;
				CLANG_WARN_RANGE_LOOP_ANALYSIS = YES;
				CLANG_WARN_STRICT_PROTOTYPES = YES;
				CLANG_WARN_SUSPICIOUS_MOVE = YES;
				CLANG_WARN_UNGUARDED_AVAILABILITY = YES_AGGRESSIVE;
				CLANG_WARN_UNREACHABLE_CODE = YES;
				CLANG_WARN__DUPLICATE_METHOD_MATCH = YES;
				COPY_PHASE_STRIP = NO;
				DEBUG_INFORMATION_FORMAT = "dwarf-with-dsym";
				ENABLE_NS_ASSERTIONS = NO;
				ENABLE_STRICT_OBJC_MSGSEND = YES;
				GCC_C_LANGUAGE_STANDARD = gnu11;
				GCC_NO_COMMON_BLOCKS = YES;
				GCC_WARN_64_TO_32_BIT_CONVERSION = YES;
				GCC_WARN_ABOUT_RETURN_TYPE = YES_ERROR;
				GCC_WARN_UNDECLARED_SELECTOR = YES;
				GCC_WARN_UNINITIALIZED_AUTOS = YES_AGGRESSIVE;
				GCC_WARN_UNUSED_FUNCTION = YES;
				GCC_WARN_UNUSED_VARIABLE = YES;
				IPHONEOS_DEPLOYMENT_TARGET = 15.5;
				MTL_ENABLE_DEBUG_INFO = NO;
				MTL_FAST_MATH = YES;
				SDKROOT = iphoneos;
				SWIFT_COMPILATION_MODE = wholemodule;
				SWIFT_OPTIMIZATION_LEVEL = "-O";
				VALIDATE_PRODUCT = YES;
			};
			name = Release;
		};
		951B307D28B0CB3800552E75 /* Debug */ = {
			isa = XCBuildConfiguration;
			baseConfigurationReference = 04997C787AD539DA0B3F4D15 /* Pods-IMusic.debug.xcconfig */;
			buildSettings = {
				ASSETCATALOG_COMPILER_APPICON_NAME = AppIcon;
				ASSETCATALOG_COMPILER_GLOBAL_ACCENT_COLOR_NAME = AccentColor;
				CODE_SIGN_STYLE = Automatic;
				CURRENT_PROJECT_VERSION = 1;
				DEVELOPMENT_TEAM = 96Z9K772Z9;
				GENERATE_INFOPLIST_FILE = YES;
				INFOPLIST_FILE = IMusic/Info.plist;
				INFOPLIST_KEY_UIApplicationSupportsIndirectInputEvents = YES;
				INFOPLIST_KEY_UILaunchStoryboardName = LaunchScreen;
				INFOPLIST_KEY_UIMainStoryboardFile = Main;
				INFOPLIST_KEY_UISupportedInterfaceOrientations_iPad = "UIInterfaceOrientationPortrait UIInterfaceOrientationPortraitUpsideDown UIInterfaceOrientationLandscapeLeft UIInterfaceOrientationLandscapeRight";
				INFOPLIST_KEY_UISupportedInterfaceOrientations_iPhone = "UIInterfaceOrientationPortrait UIInterfaceOrientationLandscapeLeft UIInterfaceOrientationLandscapeRight";
				LD_RUNPATH_SEARCH_PATHS = (
					"$(inherited)",
					"@executable_path/Frameworks",
				);
				MARKETING_VERSION = 1.0;
				PRODUCT_BUNDLE_IDENTIFIER = andrii.IMusic;
				PRODUCT_NAME = "$(TARGET_NAME)";
				SWIFT_EMIT_LOC_STRINGS = YES;
				SWIFT_VERSION = 5.0;
				TARGETED_DEVICE_FAMILY = "1,2";
			};
			name = Debug;
		};
		951B307E28B0CB3800552E75 /* Release */ = {
			isa = XCBuildConfiguration;
			baseConfigurationReference = DA5048DD63923198200CEA89 /* Pods-IMusic.release.xcconfig */;
			buildSettings = {
				ASSETCATALOG_COMPILER_APPICON_NAME = AppIcon;
				ASSETCATALOG_COMPILER_GLOBAL_ACCENT_COLOR_NAME = AccentColor;
				CODE_SIGN_STYLE = Automatic;
				CURRENT_PROJECT_VERSION = 1;
				DEVELOPMENT_TEAM = 96Z9K772Z9;
				GENERATE_INFOPLIST_FILE = YES;
				INFOPLIST_FILE = IMusic/Info.plist;
				INFOPLIST_KEY_UIApplicationSupportsIndirectInputEvents = YES;
				INFOPLIST_KEY_UILaunchStoryboardName = LaunchScreen;
				INFOPLIST_KEY_UIMainStoryboardFile = Main;
				INFOPLIST_KEY_UISupportedInterfaceOrientations_iPad = "UIInterfaceOrientationPortrait UIInterfaceOrientationPortraitUpsideDown UIInterfaceOrientationLandscapeLeft UIInterfaceOrientationLandscapeRight";
				INFOPLIST_KEY_UISupportedInterfaceOrientations_iPhone = "UIInterfaceOrientationPortrait UIInterfaceOrientationLandscapeLeft UIInterfaceOrientationLandscapeRight";
				LD_RUNPATH_SEARCH_PATHS = (
					"$(inherited)",
					"@executable_path/Frameworks",
				);
				MARKETING_VERSION = 1.0;
				PRODUCT_BUNDLE_IDENTIFIER = andrii.IMusic;
				PRODUCT_NAME = "$(TARGET_NAME)";
				SWIFT_EMIT_LOC_STRINGS = YES;
				SWIFT_VERSION = 5.0;
				TARGETED_DEVICE_FAMILY = "1,2";
			};
			name = Release;
		};
/* End XCBuildConfiguration section */

/* Begin XCConfigurationList section */
		951B306328B0CB3700552E75 /* Build configuration list for PBXProject "IMusic" */ = {
			isa = XCConfigurationList;
			buildConfigurations = (
				951B307A28B0CB3800552E75 /* Debug */,
				951B307B28B0CB3800552E75 /* Release */,
			);
			defaultConfigurationIsVisible = 0;
			defaultConfigurationName = Release;
		};
		951B307C28B0CB3800552E75 /* Build configuration list for PBXNativeTarget "IMusic" */ = {
			isa = XCConfigurationList;
			buildConfigurations = (
				951B307D28B0CB3800552E75 /* Debug */,
				951B307E28B0CB3800552E75 /* Release */,
			);
			defaultConfigurationIsVisible = 0;
			defaultConfigurationName = Release;
		};
/* End XCConfigurationList section */
	};
	rootObject = 951B306028B0CB3700552E75 /* Project object */;
}
